// !$*UTF8*$!
{
	archiveVersion = 1;
	classes = {
	};
	objectVersion = 51;
	objects = {

/* Begin PBXBuildFile section */
		BC6D3CBD25F6F1F600E9CC69 /* AppDelegate.swift in Sources */ = {isa = PBXBuildFile; fileRef = BC6D3CBC25F6F1F600E9CC69 /* AppDelegate.swift */; };
		BC6D3CBF25F6F1F600E9CC69 /* SceneDelegate.swift in Sources */ = {isa = PBXBuildFile; fileRef = BC6D3CBE25F6F1F600E9CC69 /* SceneDelegate.swift */; };
		BC6D3CC425F6F1F600E9CC69 /* Main.storyboard in Resources */ = {isa = PBXBuildFile; fileRef = BC6D3CC225F6F1F600E9CC69 /* Main.storyboard */; };
		BC6D3CC625F6F1FC00E9CC69 /* Assets.xcassets in Resources */ = {isa = PBXBuildFile; fileRef = BC6D3CC525F6F1FC00E9CC69 /* Assets.xcassets */; };
		BC6D3CC925F6F1FC00E9CC69 /* LaunchScreen.storyboard in Resources */ = {isa = PBXBuildFile; fileRef = BC6D3CC725F6F1FC00E9CC69 /* LaunchScreen.storyboard */; };
		BC6D3CDB25F7139D00E9CC69 /* LoginViewController.swift in Sources */ = {isa = PBXBuildFile; fileRef = BC6D3CDA25F7139D00E9CC69 /* LoginViewController.swift */; };
		BC6D3CDE25F713BB00E9CC69 /* FeedViewController.swift in Sources */ = {isa = PBXBuildFile; fileRef = BC6D3CDD25F713BB00E9CC69 /* FeedViewController.swift */; };
		BC6D3CE125F7203400E9CC69 /* CameraViewController.swift in Sources */ = {isa = PBXBuildFile; fileRef = BC6D3CE025F7203400E9CC69 /* CameraViewController.swift */; };
		BC6D3CE425F7460E00E9CC69 /* PostCell.swift in Sources */ = {isa = PBXBuildFile; fileRef = BC6D3CE325F7460D00E9CC69 /* PostCell.swift */; };
		BC9FF6BA26004BCE00FE5808 /* CommentCell.swift in Sources */ = {isa = PBXBuildFile; fileRef = BC9FF6B926004BCE00FE5808 /* CommentCell.swift */; };
		C3983939F4C67AB3CC1C692E /* Pods_instagram.framework in Frameworks */ = {isa = PBXBuildFile; fileRef = C7916990F3CACBCE222EB5B5 /* Pods_instagram.framework */; };
/* End PBXBuildFile section */

/* Begin PBXFileReference section */
		53858D946BA094B51D5AB760 /* Pods-instagram.release.xcconfig */ = {isa = PBXFileReference; includeInIndex = 1; lastKnownFileType = text.xcconfig; name = "Pods-instagram.release.xcconfig"; path = "Target Support Files/Pods-instagram/Pods-instagram.release.xcconfig"; sourceTree = "<group>"; };
		B8F6939DA02EA0BB5E477982 /* Pods-instagram.debug.xcconfig */ = {isa = PBXFileReference; includeInIndex = 1; lastKnownFileType = text.xcconfig; name = "Pods-instagram.debug.xcconfig"; path = "Target Support Files/Pods-instagram/Pods-instagram.debug.xcconfig"; sourceTree = "<group>"; };
		BC6D3CB925F6F1F600E9CC69 /* instagram.app */ = {isa = PBXFileReference; explicitFileType = wrapper.application; includeInIndex = 0; path = instagram.app; sourceTree = BUILT_PRODUCTS_DIR; };
		BC6D3CBC25F6F1F600E9CC69 /* AppDelegate.swift */ = {isa = PBXFileReference; lastKnownFileType = sourcecode.swift; path = AppDelegate.swift; sourceTree = "<group>"; };
		BC6D3CBE25F6F1F600E9CC69 /* SceneDelegate.swift */ = {isa = PBXFileReference; lastKnownFileType = sourcecode.swift; path = SceneDelegate.swift; sourceTree = "<group>"; };
		BC6D3CC325F6F1F600E9CC69 /* Base */ = {isa = PBXFileReference; lastKnownFileType = file.storyboard; name = Base; path = Base.lproj/Main.storyboard; sourceTree = "<group>"; };
		BC6D3CC525F6F1FC00E9CC69 /* Assets.xcassets */ = {isa = PBXFileReference; lastKnownFileType = folder.assetcatalog; path = Assets.xcassets; sourceTree = "<group>"; };
		BC6D3CC825F6F1FC00E9CC69 /* Base */ = {isa = PBXFileReference; lastKnownFileType = file.storyboard; name = Base; path = Base.lproj/LaunchScreen.storyboard; sourceTree = "<group>"; };
		BC6D3CCA25F6F1FC00E9CC69 /* Info.plist */ = {isa = PBXFileReference; lastKnownFileType = text.plist.xml; path = Info.plist; sourceTree = "<group>"; };
		BC6D3CDA25F7139D00E9CC69 /* LoginViewController.swift */ = {isa = PBXFileReference; lastKnownFileType = sourcecode.swift; path = LoginViewController.swift; sourceTree = "<group>"; };
		BC6D3CDD25F713BB00E9CC69 /* FeedViewController.swift */ = {isa = PBXFileReference; lastKnownFileType = sourcecode.swift; path = FeedViewController.swift; sourceTree = "<group>"; };
		BC6D3CE025F7203400E9CC69 /* CameraViewController.swift */ = {isa = PBXFileReference; lastKnownFileType = sourcecode.swift; path = CameraViewController.swift; sourceTree = "<group>"; };
		BC6D3CE325F7460D00E9CC69 /* PostCell.swift */ = {isa = PBXFileReference; lastKnownFileType = sourcecode.swift; path = PostCell.swift; sourceTree = "<group>"; };
		BC9FF6B926004BCE00FE5808 /* CommentCell.swift */ = {isa = PBXFileReference; lastKnownFileType = sourcecode.swift; path = CommentCell.swift; sourceTree = "<group>"; };
		C7916990F3CACBCE222EB5B5 /* Pods_instagram.framework */ = {isa = PBXFileReference; explicitFileType = wrapper.framework; includeInIndex = 0; path = Pods_instagram.framework; sourceTree = BUILT_PRODUCTS_DIR; };
/* End PBXFileReference section */

/* Begin PBXFrameworksBuildPhase section */
		BC6D3CB625F6F1F600E9CC69 /* Frameworks */ = {
			isa = PBXFrameworksBuildPhase;
			buildActionMask = 2147483647;
			files = (
				C3983939F4C67AB3CC1C692E /* Pods_instagram.framework in Frameworks */,
			);
			runOnlyForDeploymentPostprocessing = 0;
		};
/* End PBXFrameworksBuildPhase section */

/* Begin PBXGroup section */
		797BCAC650E4173400327FA4 /* Pods */ = {
			isa = PBXGroup;
			children = (
				B8F6939DA02EA0BB5E477982 /* Pods-instagram.debug.xcconfig */,
				53858D946BA094B51D5AB760 /* Pods-instagram.release.xcconfig */,
			);
			path = Pods;
			sourceTree = "<group>";
		};
		961C67F67283BF1C93A4C0C7 /* Frameworks */ = {
			isa = PBXGroup;
			children = (
				C7916990F3CACBCE222EB5B5 /* Pods_instagram.framework */,
			);
			name = Frameworks;
			sourceTree = "<group>";
		};
		BC6D3CB025F6F1F600E9CC69 = {
			isa = PBXGroup;
			children = (
				BC6D3CBB25F6F1F600E9CC69 /* instagram */,
				BC6D3CBA25F6F1F600E9CC69 /* Products */,
				797BCAC650E4173400327FA4 /* Pods */,
				961C67F67283BF1C93A4C0C7 /* Frameworks */,
			);
			sourceTree = "<group>";
		};
		BC6D3CBA25F6F1F600E9CC69 /* Products */ = {
			isa = PBXGroup;
			children = (
				BC6D3CB925F6F1F600E9CC69 /* instagram.app */,
			);
			name = Products;
			sourceTree = "<group>";
		};
		BC6D3CBB25F6F1F600E9CC69 /* instagram */ = {
			isa = PBXGroup;
			children = (
				BC6D3CBC25F6F1F600E9CC69 /* AppDelegate.swift */,
				BC6D3CBE25F6F1F600E9CC69 /* SceneDelegate.swift */,
				BC6D3CC225F6F1F600E9CC69 /* Main.storyboard */,
				BC6D3CC525F6F1FC00E9CC69 /* Assets.xcassets */,
				BC6D3CC725F6F1FC00E9CC69 /* LaunchScreen.storyboard */,
				BC6D3CCA25F6F1FC00E9CC69 /* Info.plist */,
				BC6D3CDA25F7139D00E9CC69 /* LoginViewController.swift */,
				BC6D3CDD25F713BB00E9CC69 /* FeedViewController.swift */,
				BC6D3CE025F7203400E9CC69 /* CameraViewController.swift */,
				BC6D3CE325F7460D00E9CC69 /* PostCell.swift */,
				BC9FF6B926004BCE00FE5808 /* CommentCell.swift */,
			);
			path = instagram;
			sourceTree = "<group>";
		};
/* End PBXGroup section */

/* Begin PBXNativeTarget section */
		BC6D3CB825F6F1F600E9CC69 /* instagram */ = {
			isa = PBXNativeTarget;
			buildConfigurationList = BC6D3CCD25F6F1FC00E9CC69 /* Build configuration list for PBXNativeTarget "instagram" */;
			buildPhases = (
				ED2217804E3A060913F433B4 /* [CP] Check Pods Manifest.lock */,
				BC6D3CB525F6F1F600E9CC69 /* Sources */,
				BC6D3CB625F6F1F600E9CC69 /* Frameworks */,
				BC6D3CB725F6F1F600E9CC69 /* Resources */,
				6AED3D8A504D0622CB84EE94 /* [CP] Embed Pods Frameworks */,
			);
			buildRules = (
			);
			dependencies = (
			);
			name = instagram;
			productName = instagram;
			productReference = BC6D3CB925F6F1F600E9CC69 /* instagram.app */;
			productType = "com.apple.product-type.application";
		};
/* End PBXNativeTarget section */

/* Begin PBXProject section */
		BC6D3CB125F6F1F600E9CC69 /* Project object */ = {
			isa = PBXProject;
			attributes = {
				LastSwiftUpdateCheck = 1240;
				LastUpgradeCheck = 1240;
				TargetAttributes = {
					BC6D3CB825F6F1F600E9CC69 = {
						CreatedOnToolsVersion = 12.4;
					};
				};
			};
			buildConfigurationList = BC6D3CB425F6F1F600E9CC69 /* Build configuration list for PBXProject "instagram" */;
			compatibilityVersion = "Xcode 9.3";
			developmentRegion = en;
			hasScannedForEncodings = 0;
			knownRegions = (
				en,
				Base,
			);
			mainGroup = BC6D3CB025F6F1F600E9CC69;
			productRefGroup = BC6D3CBA25F6F1F600E9CC69 /* Products */;
			projectDirPath = "";
			projectRoot = "";
			targets = (
				BC6D3CB825F6F1F600E9CC69 /* instagram */,
			);
		};
/* End PBXProject section */

/* Begin PBXResourcesBuildPhase section */
		BC6D3CB725F6F1F600E9CC69 /* Resources */ = {
			isa = PBXResourcesBuildPhase;
			buildActionMask = 2147483647;
			files = (
				BC6D3CC925F6F1FC00E9CC69 /* LaunchScreen.storyboard in Resources */,
				BC6D3CC625F6F1FC00E9CC69 /* Assets.xcassets in Resources */,
				BC6D3CC425F6F1F600E9CC69 /* Main.storyboard in Resources */,
			);
			runOnlyForDeploymentPostprocessing = 0;
		};
/* End PBXResourcesBuildPhase section */

/* Begin PBXShellScriptBuildPhase section */
		6AED3D8A504D0622CB84EE94 /* [CP] Embed Pods Frameworks */ = {
			isa = PBXShellScriptBuildPhase;
			buildActionMask = 2147483647;
			files = (
			);
			inputFileListPaths = (
				"${PODS_ROOT}/Target Support Files/Pods-instagram/Pods-instagram-frameworks-${CONFIGURATION}-input-files.xcfilelist",
			);
			name = "[CP] Embed Pods Frameworks";
			outputFileListPaths = (
				"${PODS_ROOT}/Target Support Files/Pods-instagram/Pods-instagram-frameworks-${CONFIGURATION}-output-files.xcfilelist",
			);
			runOnlyForDeploymentPostprocessing = 0;
			shellPath = /bin/sh;
			shellScript = "\"${PODS_ROOT}/Target Support Files/Pods-instagram/Pods-instagram-frameworks.sh\"\n";
			showEnvVarsInLog = 0;
		};
		ED2217804E3A060913F433B4 /* [CP] Check Pods Manifest.lock */ = {
			isa = PBXShellScriptBuildPhase;
			buildActionMask = 2147483647;
			files = (
			);
			inputFileListPaths = (
			);
			inputPaths = (
				"${PODS_PODFILE_DIR_PATH}/Podfile.lock",
				"${PODS_ROOT}/Manifest.lock",
			);
			name = "[CP] Check Pods Manifest.lock";
			outputFileListPaths = (
			);
			outputPaths = (
				"$(DERIVED_FILE_DIR)/Pods-instagram-checkManifestLockResult.txt",
			);
			runOnlyForDeploymentPostprocessing = 0;
			shellPath = /bin/sh;
			shellScript = "diff \"${PODS_PODFILE_DIR_PATH}/Podfile.lock\" \"${PODS_ROOT}/Manifest.lock\" > /dev/null\nif [ $? != 0 ] ; then\n    # print error to STDERR\n    echo \"error: The sandbox is not in sync with the Podfile.lock. Run 'pod install' or update your CocoaPods installation.\" >&2\n    exit 1\nfi\n# This output is used by Xcode 'outputs' to avoid re-running this script phase.\necho \"SUCCESS\" > \"${SCRIPT_OUTPUT_FILE_0}\"\n";
			showEnvVarsInLog = 0;
		};
/* End PBXShellScriptBuildPhase section */

/* Begin PBXSourcesBuildPhase section */
		BC6D3CB525F6F1F600E9CC69 /* Sources */ = {
			isa = PBXSourcesBuildPhase;
			buildActionMask = 2147483647;
			files = (
				BC6D3CDB25F7139D00E9CC69 /* LoginViewController.swift in Sources */,
				BC6D3CE125F7203400E9CC69 /* CameraViewController.swift in Sources */,
				BC6D3CBD25F6F1F600E9CC69 /* AppDelegate.swift in Sources */,
				BC6D3CDE25F713BB00E9CC69 /* FeedViewController.swift in Sources */,
				BC6D3CBF25F6F1F600E9CC69 /* SceneDelegate.swift in Sources */,
				BC6D3CE425F7460E00E9CC69 /* PostCell.swift in Sources */,
				BC9FF6BA26004BCE00FE5808 /* CommentCell.swift in Sources */,
			);
			runOnlyForDeploymentPostprocessing = 0;
		};
/* End PBXSourcesBuildPhase section */

/* Begin PBXVariantGroup section */
		BC6D3CC225F6F1F600E9CC69 /* Main.storyboard */ = {
			isa = PBXVariantGroup;
			children = (
				BC6D3CC325F6F1F600E9CC69 /* Base */,
			);
			name = Main.storyboard;
			sourceTree = "<group>";
		};
		BC6D3CC725F6F1FC00E9CC69 /* LaunchScreen.storyboard */ = {
			isa = PBXVariantGroup;
			children = (
				BC6D3CC825F6F1FC00E9CC69 /* Base */,
			);
			name = LaunchScreen.storyboard;
			sourceTree = "<group>";
		};
/* End PBXVariantGroup section */

/* Begin XCBuildConfiguration section */
		BC6D3CCB25F6F1FC00E9CC69 /* Debug */ = {
			isa = XCBuildConfiguration;
			buildSettings = {
				ALWAYS_SEARCH_USER_PATHS = NO;
				CLANG_ANALYZER_NONNULL = YES;
				CLANG_ANALYZER_NUMBER_OBJECT_CONVERSION = YES_AGGRESSIVE;
				CLANG_CXX_LANGUAGE_STANDARD = "gnu++14";
				CLANG_CXX_LIBRARY = "libc++";
				CLANG_ENABLE_MODULES = YES;
				CLANG_ENABLE_OBJC_ARC = YES;
				CLANG_ENABLE_OBJC_WEAK = YES;
				CLANG_WARN_BLOCK_CAPTURE_AUTORELEASING = YES;
				CLANG_WARN_BOOL_CONVERSION = YES;
				CLANG_WARN_COMMA = YES;
				CLANG_WARN_CONSTANT_CONVERSION = YES;
				CLANG_WARN_DEPRECATED_OBJC_IMPLEMENTATIONS = YES;
				CLANG_WARN_DIRECT_OBJC_ISA_USAGE = YES_ERROR;
				CLANG_WARN_DOCUMENTATION_COMMENTS = YES;
				CLANG_WARN_EMPTY_BODY = YES;
				CLANG_WARN_ENUM_CONVERSION = YES;
				CLANG_WARN_INFINITE_RECURSION = YES;
				CLANG_WARN_INT_CONVERSION = YES;
				CLANG_WARN_NON_LITERAL_NULL_CONVERSION = YES;
				CLANG_WARN_OBJC_IMPLICIT_RETAIN_SELF = YES;
				CLANG_WARN_OBJC_LITERAL_CONVERSION = YES;
				CLANG_WARN_OBJC_ROOT_CLASS = YES_ERROR;
				CLANG_WARN_QUOTED_INCLUDE_IN_FRAMEWORK_HEADER = YES;
				CLANG_WARN_RANGE_LOOP_ANALYSIS = YES;
				CLANG_WARN_STRICT_PROTOTYPES = YES;
				CLANG_WARN_SUSPICIOUS_MOVE = YES;
				CLANG_WARN_UNGUARDED_AVAILABILITY = YES_AGGRESSIVE;
				CLANG_WARN_UNREACHABLE_CODE = YES;
				CLANG_WARN__DUPLICATE_METHOD_MATCH = YES;
				COPY_PHASE_STRIP = NO;
				DEBUG_INFORMATION_FORMAT = dwarf;
				ENABLE_STRICT_OBJC_MSGSEND = YES;
				ENABLE_TESTABILITY = YES;
				GCC_C_LANGUAGE_STANDARD = gnu11;
				GCC_DYNAMIC_NO_PIC = NO;
				GCC_NO_COMMON_BLOCKS = YES;
				GCC_OPTIMIZATION_LEVEL = 0;
				GCC_PREPROCESSOR_DEFINITIONS = (
					"DEBUG=1",
					"$(inherited)",
				);
				GCC_WARN_64_TO_32_BIT_CONVERSION = YES;
				GCC_WARN_ABOUT_RETURN_TYPE = YES_ERROR;
				GCC_WARN_UNDECLARED_SELECTOR = YES;
				GCC_WARN_UNINITIALIZED_AUTOS = YES_AGGRESSIVE;
				GCC_WARN_UNUSED_FUNCTION = YES;
				GCC_WARN_UNUSED_VARIABLE = YES;
				IPHONEOS_DEPLOYMENT_TARGET = 14.4;
				MTL_ENABLE_DEBUG_INFO = INCLUDE_SOURCE;
				MTL_FAST_MATH = YES;
				ONLY_ACTIVE_ARCH = YES;
				SDKROOT = iphoneos;
				SWIFT_ACTIVE_COMPILATION_CONDITIONS = DEBUG;
				SWIFT_OPTIMIZATION_LEVEL = "-Onone";
			};
			name = Debug;
		};
		BC6D3CCC25F6F1FC00E9CC69 /* Release */ = {
			isa = XCBuildConfiguration;
			buildSettings = {
				ALWAYS_SEARCH_USER_PATHS = NO;
				CLANG_ANALYZER_NONNULL = YES;
				CLANG_ANALYZER_NUMBER_OBJECT_CONVERSION = YES_AGGRESSIVE;
				CLANG_CXX_LANGUAGE_STANDARD = "gnu++14";
				CLANG_CXX_LIBRARY = "libc++";
				CLANG_ENABLE_MODULES = YES;
				CLANG_ENABLE_OBJC_ARC = YES;
				CLANG_ENABLE_OBJC_WEAK = YES;
				CLANG_WARN_BLOCK_CAPTURE_AUTORELEASING = YES;
				CLANG_WARN_BOOL_CONVERSION = YES;
				CLANG_WARN_COMMA = YES;
				CLANG_WARN_CONSTANT_CONVERSION = YES;
				CLANG_WARN_DEPRECATED_OBJC_IMPLEMENTATIONS = YES;
				CLANG_WARN_DIRECT_OBJC_ISA_USAGE = YES_ERROR;
				CLANG_WARN_DOCUMENTATION_COMMENTS = YES;
				CLANG_WARN_EMPTY_BODY = YES;
				CLANG_WARN_ENUM_CONVERSION = YES;
				CLANG_WARN_INFINITE_RECURSION = YES;
				CLANG_WARN_INT_CONVERSION = YES;
				CLANG_WARN_NON_LITERAL_NULL_CONVERSION = YES;
				CLANG_WARN_OBJC_IMPLICIT_RETAIN_SELF = YES;
				CLANG_WARN_OBJC_LITERAL_CONVERSION = YES;
				CLANG_WARN_OBJC_ROOT_CLASS = YES_ERROR;
				CLANG_WARN_QUOTED_INCLUDE_IN_FRAMEWORK_HEADER = YES;
				CLANG_WARN_RANGE_LOOP_ANALYSIS = YES;
				CLANG_WARN_STRICT_PROTOTYPES = YES;
				CLANG_WARN_SUSPICIOUS_MOVE = YES;
				CLANG_WARN_UNGUARDED_AVAILABILITY = YES_AGGRESSIVE;
				CLANG_WARN_UNREACHABLE_CODE = YES;
				CLANG_WARN__DUPLICATE_METHOD_MATCH = YES;
				COPY_PHASE_STRIP = NO;
				DEBUG_INFORMATION_FORMAT = "dwarf-with-dsym";
				ENABLE_NS_ASSERTIONS = NO;
				ENABLE_STRICT_OBJC_MSGSEND = YES;
				GCC_C_LANGUAGE_STANDARD = gnu11;
				GCC_NO_COMMON_BLOCKS = YES;
				GCC_WARN_64_TO_32_BIT_CONVERSION = YES;
				GCC_WARN_ABOUT_RETURN_TYPE = YES_ERROR;
				GCC_WARN_UNDECLARED_SELECTOR = YES;
				GCC_WARN_UNINITIALIZED_AUTOS = YES_AGGRESSIVE;
				GCC_WARN_UNUSED_FUNCTION = YES;
				GCC_WARN_UNUSED_VARIABLE = YES;
				IPHONEOS_DEPLOYMENT_TARGET = 14.4;
				MTL_ENABLE_DEBUG_INFO = NO;
				MTL_FAST_MATH = YES;
				SDKROOT = iphoneos;
				SWIFT_COMPILATION_MODE = wholemodule;
				SWIFT_OPTIMIZATION_LEVEL = "-O";
				VALIDATE_PRODUCT = YES;
			};
			name = Release;
		};
		BC6D3CCE25F6F1FC00E9CC69 /* Debug */ = {
			isa = XCBuildConfiguration;
			baseConfigurationReference = B8F6939DA02EA0BB5E477982 /* Pods-instagram.debug.xcconfig */;
			buildSettings = {
				ASSETCATALOG_COMPILER_APPICON_NAME = AppIcon;
				ASSETCATALOG_COMPILER_GLOBAL_ACCENT_COLOR_NAME = AccentColor;
				CODE_SIGN_STYLE = Automatic;
				INFOPLIST_FILE = instagram/Info.plist;
				LD_RUNPATH_SEARCH_PATHS = (
					"$(inherited)",
					"@executable_path/Frameworks",
				);
				PRODUCT_BUNDLE_IDENTIFIER = com.dianadavalos.instagram;
				PRODUCT_NAME = "$(TARGET_NAME)";
				SWIFT_VERSION = 5.0;
				TARGETED_DEVICE_FAMILY = "1,2";
			};
			name = Debug;
		};
		BC6D3CCF25F6F1FC00E9CC69 /* Release */ = {
			isa = XCBuildConfiguration;
			baseConfigurationReference = 53858D946BA094B51D5AB760 /* Pods-instagram.release.xcconfig */;
			buildSettings = {
				ASSETCATALOG_COMPILER_APPICON_NAME = AppIcon;
				ASSETCATALOG_COMPILER_GLOBAL_ACCENT_COLOR_NAME = AccentColor;
				CODE_SIGN_STYLE = Automatic;
				INFOPLIST_FILE = instagram/Info.plist;
				LD_RUNPATH_SEARCH_PATHS = (
					"$(inherited)",
					"@executable_path/Frameworks",
				);
				PRODUCT_BUNDLE_IDENTIFIER = com.dianadavalos.instagram;
				PRODUCT_NAME = "$(TARGET_NAME)";
				SWIFT_VERSION = 5.0;
				TARGETED_DEVICE_FAMILY = "1,2";
			};
			name = Release;
		};
/* End XCBuildConfiguration section */

/* Begin XCConfigurationList section */
		BC6D3CB425F6F1F600E9CC69 /* Build configuration list for PBXProject "instagram" */ = {
			isa = XCConfigurationList;
			buildConfigurations = (
				BC6D3CCB25F6F1FC00E9CC69 /* Debug */,
				BC6D3CCC25F6F1FC00E9CC69 /* Release */,
			);
			defaultConfigurationIsVisible = 0;
			defaultConfigurationName = Release;
		};
		BC6D3CCD25F6F1FC00E9CC69 /* Build configuration list for PBXNativeTarget "instagram" */ = {
			isa = XCConfigurationList;
			buildConfigurations = (
				BC6D3CCE25F6F1FC00E9CC69 /* Debug */,
				BC6D3CCF25F6F1FC00E9CC69 /* Release */,
			);
			defaultConfigurationIsVisible = 0;
			defaultConfigurationName = Release;
		};
/* End XCConfigurationList section */
	};
	rootObject = BC6D3CB125F6F1F600E9CC69 /* Project object */;
}
